
Microsoft Visual Studio Solution File, Format Version 12.00
# Visual Studio 14
VisualStudioVersion = 14.0.25420.1
MinimumVisualStudioVersion = 10.0.40219.1
Project("{FAE04EC0-301F-11D3-BF4B-00C04F79EFBC}") = "CrudCodeFirstASPNETMVC", "CrudCodeFirstASPNETMVC\CrudCodeFirstASPNETMVC.csproj", "{6AA04E59-2B70-480E-BD19-556D6D5468C8}"
EndProject
Project("{FAE04EC0-301F-11D3-BF4B-00C04F79EFBC}") = "CrudOperationJquery", "CrudOperationJquery\CrudOperationJquery.csproj", "{D9C030D3-0C03-4A9F-BBC6-5FA0C0CEF4CC}"
EndProject
Global
	GlobalSection(SolutionConfigurationPlatforms) = preSolution
		Debug|Any CPU = Debug|Any CPU
		Release|Any CPU = Release|Any CPU
	EndGlobalSection
	GlobalSection(ProjectConfigurationPlatforms) = postSolution
		{6AA04E59-2B70-480E-BD19-556D6D5468C8}.Debug|Any CPU.ActiveCfg = Debug|Any CPU
		{6AA04E59-2B70-480E-BD19-556D6D5468C8}.Debug|Any CPU.Build.0 = Debug|Any CPU
		{6AA04E59-2B70-480E-BD19-556D6D5468C8}.Release|Any CPU.ActiveCfg = Release|Any CPU
		{6AA04E59-2B70-480E-BD19-556D6D5468C8}.Release|Any CPU.Build.0 = Release|Any CPU
		{D9C030D3-0C03-4A9F-BBC6-5FA0C0CEF4CC}.Debug|Any CPU.ActiveCfg = Debug|Any CPU
		{D9C030D3-0C03-4A9F-BBC6-5FA0C0CEF4CC}.Debug|Any CPU.Build.0 = Debug|Any CPU
		{D9C030D3-0C03-4A9F-BBC6-5FA0C0CEF4CC}.Release|Any CPU.ActiveCfg = Release|Any CPU
		{D9C030D3-0C03-4A9F-BBC6-5FA0C0CEF4CC}.Release|Any CPU.Build.0 = Release|Any CPU
	EndGlobalSection
	GlobalSection(SolutionProperties) = preSolution
		HideSolutionNode = FALSE
	EndGlobalSection
EndGlobal
